<Solution>
  <Folder Name="/benchmarks/">
    <Project Path="benchmarks/TemporalCommunity.DurableObjects.Benchmarks/TemporalCommunity.DurableObjects.Benchmarks.csproj" />
  </Folder>
  <Folder Name="/samples/">
    <Project Path="samples/01-getting-started/TemporalCommunity.DurableObjects.GettingStarted.csproj" />
    <Project Path="samples/02-input-validation/TemporalCommunity.DurableObjects.InputValidation.csproj" />
    <Project Path="samples/03-scheduling/TemporalCommunity.DurableObjects.Scheduling.csproj" />
    <Project Path="samples/04-object-to-object/TemporalCommunity.DurableObjects.ObjectToObject.csproj" />
    <Project Path="samples/05-observability/TemporalCommunity.DurableObjects.Observability.csproj" />
    <Project Path="samples/06-testing/TemporalCommunity.DurableObjects.Testing.csproj" />
  </Folder>
  <Folder Name="/src/">
    <Project Path="src/TemporalCommunity.DurableObjects.Analyzers/TemporalCommunity.DurableObjects.Analyzers.csproj" />
    <Project Path="src/TemporalCommunity.Extensions.Analyzers/TemporalCommunity.Extensions.Analyzers.csproj" />
    <Project Path="src/TemporalCommunity.DurableObjects/TemporalCommunity.DurableObjects.csproj" />
  </Folder>
  <Folder Name="/tests/">
    <Project Path="tests/TemporalCommunity.DurableObjects.Analyzers.Tests/TemporalCommunity.DurableObjects.Analyzers.Tests.csproj" />
    <Project Path="tests/TemporalCommunity.DurableObjects.IntegrationTests/TemporalCommunity.DurableObjects.IntegrationTests.csproj" />
    <Project Path="tests/TemporalCommunity.DurableObjects.Tests/TemporalCommunity.DurableObjects.Tests.csproj" />
    <Project Path="tests/TemporalCommunity.Extensions.Analyzers.Tests/TemporalCommunity.Extensions.Analyzers.Tests.csproj" />
  </Folder>
</Solution>
